
Microsoft Visual Studio Solution File, Format Version 12.00
# Visual Studio Version 17
VisualStudioVersion = 17.11.35327.3
MinimumVisualStudioVersion = 10.0.40219.1
Project("{FAE04EC0-301F-11D3-BF4B-00C04F79EFBC}") = "JobOpenings.API", "JobOpenings.API\JobOpenings.API.csproj", "{0645D45B-967D-4348-A015-EB5777CE3582}"
EndProject
Global
	GlobalSection(SolutionConfigurationPlatforms) = preSolution
		Debug|Any CPU = Debug|Any CPU
		Release|Any CPU = Release|Any CPU
	EndGlobalSection
	GlobalSection(ProjectConfigurationPlatforms) = postSolution
		{0645D45B-967D-4348-A015-EB5777CE3582}.Debug|Any CPU.ActiveCfg = Debug|Any CPU
		{0645D45B-967D-4348-A015-EB5777CE3582}.Debug|Any CPU.Build.0 = Debug|Any CPU
		{0645D45B-967D-4348-A015-EB5777CE3582}.Release|Any CPU.ActiveCfg = Release|Any CPU
		{0645D45B-967D-4348-A015-EB5777CE3582}.Release|Any CPU.Build.0 = Release|Any CPU
	EndGlobalSection
	GlobalSection(SolutionProperties) = preSolution
		HideSolutionNode = FALSE
	EndGlobalSection
	GlobalSection(ExtensibilityGlobals) = postSolution
		SolutionGuid = {0EAF61ED-3336-4E28-9F0B-16F2873B0A97}
	EndGlobalSection
EndGlobal
